// !$*UTF8*$!
{
	archiveVersion = 1;
	classes = {
	};
	objectVersion = 56;
	objects = {

/* Begin PBXBuildFile section */
		A511A028298A6E37008B83CF /* AppDelegate.swift in Sources */ = {isa = PBXBuildFile; fileRef = A511A027298A6E37008B83CF /* AppDelegate.swift */; };
		A511A02A298A6E37008B83CF /* SceneDelegate.swift in Sources */ = {isa = PBXBuildFile; fileRef = A511A029298A6E37008B83CF /* SceneDelegate.swift */; };
		A511A02C298A6E37008B83CF /* ViewController.swift in Sources */ = {isa = PBXBuildFile; fileRef = A511A02B298A6E37008B83CF /* ViewController.swift */; };
		A511A02F298A6E37008B83CF /* Main.storyboard in Resources */ = {isa = PBXBuildFile; fileRef = A511A02D298A6E37008B83CF /* Main.storyboard */; };
		A511A031298A6E38008B83CF /* Assets.xcassets in Resources */ = {isa = PBXBuildFile; fileRef = A511A030298A6E38008B83CF /* Assets.xcassets */; };
		A511A034298A6E38008B83CF /* LaunchScreen.storyboard in Resources */ = {isa = PBXBuildFile; fileRef = A511A032298A6E38008B83CF /* LaunchScreen.storyboard */; };
		A511A03F298A6E38008B83CF /* DestiniTests.swift in Sources */ = {isa = PBXBuildFile; fileRef = A511A03E298A6E38008B83CF /* DestiniTests.swift */; };
		A511A049298A6E38008B83CF /* DestiniUITests.swift in Sources */ = {isa = PBXBuildFile; fileRef = A511A048298A6E38008B83CF /* DestiniUITests.swift */; };
		A511A04B298A6E38008B83CF /* DestiniUITestsLaunchTests.swift in Sources */ = {isa = PBXBuildFile; fileRef = A511A04A298A6E38008B83CF /* DestiniUITestsLaunchTests.swift */; };
/* End PBXBuildFile section */

/* Begin PBXContainerItemProxy section */
		A511A03B298A6E38008B83CF /* PBXContainerItemProxy */ = {
			isa = PBXContainerItemProxy;
			containerPortal = A511A01C298A6E37008B83CF /* Project object */;
			proxyType = 1;
			remoteGlobalIDString = A511A023298A6E37008B83CF;
			remoteInfo = Destini;
		};
		A511A045298A6E38008B83CF /* PBXContainerItemProxy */ = {
			isa = PBXContainerItemProxy;
			containerPortal = A511A01C298A6E37008B83CF /* Project object */;
			proxyType = 1;
			remoteGlobalIDString = A511A023298A6E37008B83CF;
			remoteInfo = Destini;
		};
/* End PBXContainerItemProxy section */

/* Begin PBXFileReference section */
		A511A024298A6E37008B83CF /* Destini.app */ = {isa = PBXFileReference; explicitFileType = wrapper.application; includeInIndex = 0; path = Destini.app; sourceTree = BUILT_PRODUCTS_DIR; };
		A511A027298A6E37008B83CF /* AppDelegate.swift */ = {isa = PBXFileReference; lastKnownFileType = sourcecode.swift; path = AppDelegate.swift; sourceTree = "<group>"; };
		A511A029298A6E37008B83CF /* SceneDelegate.swift */ = {isa = PBXFileReference; lastKnownFileType = sourcecode.swift; path = SceneDelegate.swift; sourceTree = "<group>"; };
		A511A02B298A6E37008B83CF /* ViewController.swift */ = {isa = PBXFileReference; lastKnownFileType = sourcecode.swift; path = ViewController.swift; sourceTree = "<group>"; };
		A511A02E298A6E37008B83CF /* Base */ = {isa = PBXFileReference; lastKnownFileType = file.storyboard; name = Base; path = Base.lproj/Main.storyboard; sourceTree = "<group>"; };
		A511A030298A6E38008B83CF /* Assets.xcassets */ = {isa = PBXFileReference; lastKnownFileType = folder.assetcatalog; path = Assets.xcassets; sourceTree = "<group>"; };
		A511A033298A6E38008B83CF /* Base */ = {isa = PBXFileReference; lastKnownFileType = file.storyboard; name = Base; path = Base.lproj/LaunchScreen.storyboard; sourceTree = "<group>"; };
		A511A035298A6E38008B83CF /* Info.plist */ = {isa = PBXFileReference; lastKnownFileType = text.plist.xml; path = Info.plist; sourceTree = "<group>"; };
		A511A03A298A6E38008B83CF /* DestiniTests.xctest */ = {isa = PBXFileReference; explicitFileType = wrapper.cfbundle; includeInIndex = 0; path = DestiniTests.xctest; sourceTree = BUILT_PRODUCTS_DIR; };
		A511A03E298A6E38008B83CF /* DestiniTests.swift */ = {isa = PBXFileReference; lastKnownFileType = sourcecode.swift; path = DestiniTests.swift; sourceTree = "<group>"; };
		A511A044298A6E38008B83CF /* DestiniUITests.xctest */ = {isa = PBXFileReference; explicitFileType = wrapper.cfbundle; includeInIndex = 0; path = DestiniUITests.xctest; sourceTree = BUILT_PRODUCTS_DIR; };
		A511A048298A6E38008B83CF /* DestiniUITests.swift */ = {isa = PBXFileReference; lastKnownFileType = sourcecode.swift; path = DestiniUITests.swift; sourceTree = "<group>"; };
		A511A04A298A6E38008B83CF /* DestiniUITestsLaunchTests.swift */ = {isa = PBXFileReference; lastKnownFileType = sourcecode.swift; path = DestiniUITestsLaunchTests.swift; sourceTree = "<group>"; };
/* End PBXFileReference section */

/* Begin PBXFrameworksBuildPhase section */
		A511A021298A6E37008B83CF /* Frameworks */ = {
			isa = PBXFrameworksBuildPhase;
			buildActionMask = 2147483647;
			files = (
			);
			runOnlyForDeploymentPostprocessing = 0;
		};
		A511A037298A6E38008B83CF /* Frameworks */ = {
			isa = PBXFrameworksBuildPhase;
			buildActionMask = 2147483647;
			files = (
			);
			runOnlyForDeploymentPostprocessing = 0;
		};
		A511A041298A6E38008B83CF /* Frameworks */ = {
			isa = PBXFrameworksBuildPhase;
			buildActionMask = 2147483647;
			files = (
			);
			runOnlyForDeploymentPostprocessing = 0;
		};
/* End PBXFrameworksBuildPhase section */

/* Begin PBXGroup section */
		A511A01B298A6E37008B83CF = {
			isa = PBXGroup;
			children = (
				A511A026298A6E37008B83CF /* Destini */,
				A511A03D298A6E38008B83CF /* DestiniTests */,
				A511A047298A6E38008B83CF /* DestiniUITests */,
				A511A025298A6E37008B83CF /* Products */,
			);
			sourceTree = "<group>";
		};
		A511A025298A6E37008B83CF /* Products */ = {
			isa = PBXGroup;
			children = (
				A511A024298A6E37008B83CF /* Destini.app */,
				A511A03A298A6E38008B83CF /* DestiniTests.xctest */,
				A511A044298A6E38008B83CF /* DestiniUITests.xctest */,
			);
			name = Products;
			sourceTree = "<group>";
		};
		A511A026298A6E37008B83CF /* Destini */ = {
			isa = PBXGroup;
			children = (
				A511A027298A6E37008B83CF /* AppDelegate.swift */,
				A511A029298A6E37008B83CF /* SceneDelegate.swift */,
				A511A02B298A6E37008B83CF /* ViewController.swift */,
				A511A02D298A6E37008B83CF /* Main.storyboard */,
				A511A030298A6E38008B83CF /* Assets.xcassets */,
				A511A032298A6E38008B83CF /* LaunchScreen.storyboard */,
				A511A035298A6E38008B83CF /* Info.plist */,
			);
			path = Destini;
			sourceTree = "<group>";
		};
		A511A03D298A6E38008B83CF /* DestiniTests */ = {
			isa = PBXGroup;
			children = (
				A511A03E298A6E38008B83CF /* DestiniTests.swift */,
			);
			path = DestiniTests;
			sourceTree = "<group>";
		};
		A511A047298A6E38008B83CF /* DestiniUITests */ = {
			isa = PBXGroup;
			children = (
				A511A048298A6E38008B83CF /* DestiniUITests.swift */,
				A511A04A298A6E38008B83CF /* DestiniUITestsLaunchTests.swift */,
			);
			path = DestiniUITests;
			sourceTree = "<group>";
		};
/* End PBXGroup section */

/* Begin PBXNativeTarget section */
		A511A023298A6E37008B83CF /* Destini */ = {
			isa = PBXNativeTarget;
			buildConfigurationList = A511A04E298A6E38008B83CF /* Build configuration list for PBXNativeTarget "Destini" */;
			buildPhases = (
				A511A020298A6E37008B83CF /* Sources */,
				A511A021298A6E37008B83CF /* Frameworks */,
				A511A022298A6E37008B83CF /* Resources */,
			);
			buildRules = (
			);
			dependencies = (
			);
			name = Destini;
			productName = Destini;
			productReference = A511A024298A6E37008B83CF /* Destini.app */;
			productType = "com.apple.product-type.application";
		};
		A511A039298A6E38008B83CF /* DestiniTests */ = {
			isa = PBXNativeTarget;
			buildConfigurationList = A511A051298A6E38008B83CF /* Build configuration list for PBXNativeTarget "DestiniTests" */;
			buildPhases = (
				A511A036298A6E38008B83CF /* Sources */,
				A511A037298A6E38008B83CF /* Frameworks */,
				A511A038298A6E38008B83CF /* Resources */,
			);
			buildRules = (
			);
			dependencies = (
				A511A03C298A6E38008B83CF /* PBXTargetDependency */,
			);
			name = DestiniTests;
			productName = DestiniTests;
			productReference = A511A03A298A6E38008B83CF /* DestiniTests.xctest */;
			productType = "com.apple.product-type.bundle.unit-test";
		};
		A511A043298A6E38008B83CF /* DestiniUITests */ = {
			isa = PBXNativeTarget;
			buildConfigurationList = A511A054298A6E38008B83CF /* Build configuration list for PBXNativeTarget "DestiniUITests" */;
			buildPhases = (
				A511A040298A6E38008B83CF /* Sources */,
				A511A041298A6E38008B83CF /* Frameworks */,
				A511A042298A6E38008B83CF /* Resources */,
			);
			buildRules = (
			);
			dependencies = (
				A511A046298A6E38008B83CF /* PBXTargetDependency */,
			);
			name = DestiniUITests;
			productName = DestiniUITests;
			productReference = A511A044298A6E38008B83CF /* DestiniUITests.xctest */;
			productType = "com.apple.product-type.bundle.ui-testing";
		};
/* End PBXNativeTarget section */

/* Begin PBXProject section */
		A511A01C298A6E37008B83CF /* Project object */ = {
			isa = PBXProject;
			attributes = {
				BuildIndependentTargetsInParallel = 1;
				LastSwiftUpdateCheck = 1420;
				LastUpgradeCheck = 1420;
				TargetAttributes = {
					A511A023298A6E37008B83CF = {
						CreatedOnToolsVersion = 14.2;
					};
					A511A039298A6E38008B83CF = {
						CreatedOnToolsVersion = 14.2;
						TestTargetID = A511A023298A6E37008B83CF;
					};
					A511A043298A6E38008B83CF = {
						CreatedOnToolsVersion = 14.2;
						TestTargetID = A511A023298A6E37008B83CF;
					};
				};
			};
			buildConfigurationList = A511A01F298A6E37008B83CF /* Build configuration list for PBXProject "Destini" */;
			compatibilityVersion = "Xcode 14.0";
			developmentRegion = en;
			hasScannedForEncodings = 0;
			knownRegions = (
				en,
				Base,
			);
			mainGroup = A511A01B298A6E37008B83CF;
			productRefGroup = A511A025298A6E37008B83CF /* Products */;
			projectDirPath = "";
			projectRoot = "";
			targets = (
				A511A023298A6E37008B83CF /* Destini */,
				A511A039298A6E38008B83CF /* DestiniTests */,
				A511A043298A6E38008B83CF /* DestiniUITests */,
			);
		};
/* End PBXProject section */

/* Begin PBXResourcesBuildPhase section */
		A511A022298A6E37008B83CF /* Resources */ = {
			isa = PBXResourcesBuildPhase;
			buildActionMask = 2147483647;
			files = (
				A511A034298A6E38008B83CF /* LaunchScreen.storyboard in Resources */,
				A511A031298A6E38008B83CF /* Assets.xcassets in Resources */,
				A511A02F298A6E37008B83CF /* Main.storyboard in Resources */,
			);
			runOnlyForDeploymentPostprocessing = 0;
		};
		A511A038298A6E38008B83CF /* Resources */ = {
			isa = PBXResourcesBuildPhase;
			buildActionMask = 2147483647;
			files = (
			);
			runOnlyForDeploymentPostprocessing = 0;
		};
		A511A042298A6E38008B83CF /* Resources */ = {
			isa = PBXResourcesBuildPhase;
			buildActionMask = 2147483647;
			files = (
			);
			runOnlyForDeploymentPostprocessing = 0;
		};
/* End PBXResourcesBuildPhase section */

/* Begin PBXSourcesBuildPhase section */
		A511A020298A6E37008B83CF /* Sources */ = {
			isa = PBXSourcesBuildPhase;
			buildActionMask = 2147483647;
			files = (
				A511A02C298A6E37008B83CF /* ViewController.swift in Sources */,
				A511A028298A6E37008B83CF /* AppDelegate.swift in Sources */,
				A511A02A298A6E37008B83CF /* SceneDelegate.swift in Sources */,
			);
			runOnlyForDeploymentPostprocessing = 0;
		};
		A511A036298A6E38008B83CF /* Sources */ = {
			isa = PBXSourcesBuildPhase;
			buildActionMask = 2147483647;
			files = (
				A511A03F298A6E38008B83CF /* DestiniTests.swift in Sources */,
			);
			runOnlyForDeploymentPostprocessing = 0;
		};
		A511A040298A6E38008B83CF /* Sources */ = {
			isa = PBXSourcesBuildPhase;
			buildActionMask = 2147483647;
			files = (
				A511A049298A6E38008B83CF /* DestiniUITests.swift in Sources */,
				A511A04B298A6E38008B83CF /* DestiniUITestsLaunchTests.swift in Sources */,
			);
			runOnlyForDeploymentPostprocessing = 0;
		};
/* End PBXSourcesBuildPhase section */

/* Begin PBXTargetDependency section */
		A511A03C298A6E38008B83CF /* PBXTargetDependency */ = {
			isa = PBXTargetDependency;
			target = A511A023298A6E37008B83CF /* Destini */;
			targetProxy = A511A03B298A6E38008B83CF /* PBXContainerItemProxy */;
		};
		A511A046298A6E38008B83CF /* PBXTargetDependency */ = {
			isa = PBXTargetDependency;
			target = A511A023298A6E37008B83CF /* Destini */;
			targetProxy = A511A045298A6E38008B83CF /* PBXContainerItemProxy */;
		};
/* End PBXTargetDependency section */

/* Begin PBXVariantGroup section */
		A511A02D298A6E37008B83CF /* Main.storyboard */ = {
			isa = PBXVariantGroup;
			children = (
				A511A02E298A6E37008B83CF /* Base */,
			);
			name = Main.storyboard;
			sourceTree = "<group>";
		};
		A511A032298A6E38008B83CF /* LaunchScreen.storyboard */ = {
			isa = PBXVariantGroup;
			children = (
				A511A033298A6E38008B83CF /* Base */,
			);
			name = LaunchScreen.storyboard;
			sourceTree = "<group>";
		};
/* End PBXVariantGroup section */

/* Begin XCBuildConfiguration section */
		A511A04C298A6E38008B83CF /* Debug */ = {
			isa = XCBuildConfiguration;
			buildSettings = {
				ALWAYS_SEARCH_USER_PATHS = NO;
				CLANG_ANALYZER_NONNULL = YES;
				CLANG_ANALYZER_NUMBER_OBJECT_CONVERSION = YES_AGGRESSIVE;
				CLANG_CXX_LANGUAGE_STANDARD = "gnu++20";
				CLANG_ENABLE_MODULES = YES;
				CLANG_ENABLE_OBJC_ARC = YES;
				CLANG_ENABLE_OBJC_WEAK = YES;
				CLANG_WARN_BLOCK_CAPTURE_AUTORELEASING = YES;
				CLANG_WARN_BOOL_CONVERSION = YES;
				CLANG_WARN_COMMA = YES;
				CLANG_WARN_CONSTANT_CONVERSION = YES;
				CLANG_WARN_DEPRECATED_OBJC_IMPLEMENTATIONS = YES;
				CLANG_WARN_DIRECT_OBJC_ISA_USAGE = YES_ERROR;
				CLANG_WARN_DOCUMENTATION_COMMENTS = YES;
				CLANG_WARN_EMPTY_BODY = YES;
				CLANG_WARN_ENUM_CONVERSION = YES;
				CLANG_WARN_INFINITE_RECURSION = YES;
				CLANG_WARN_INT_CONVERSION = YES;
				CLANG_WARN_NON_LITERAL_NULL_CONVERSION = YES;
				CLANG_WARN_OBJC_IMPLICIT_RETAIN_SELF = YES;
				CLANG_WARN_OBJC_LITERAL_CONVERSION = YES;
				CLANG_WARN_OBJC_ROOT_CLASS = YES_ERROR;
				CLANG_WARN_QUOTED_INCLUDE_IN_FRAMEWORK_HEADER = YES;
				CLANG_WARN_RANGE_LOOP_ANALYSIS = YES;
				CLANG_WARN_STRICT_PROTOTYPES = YES;
				CLANG_WARN_SUSPICIOUS_MOVE = YES;
				CLANG_WARN_UNGUARDED_AVAILABILITY = YES_AGGRESSIVE;
				CLANG_WARN_UNREACHABLE_CODE = YES;
				CLANG_WARN__DUPLICATE_METHOD_MATCH = YES;
				COPY_PHASE_STRIP = NO;
				DEBUG_INFORMATION_FORMAT = dwarf;
				ENABLE_STRICT_OBJC_MSGSEND = YES;
				ENABLE_TESTABILITY = YES;
				GCC_C_LANGUAGE_STANDARD = gnu11;
				GCC_DYNAMIC_NO_PIC = NO;
				GCC_NO_COMMON_BLOCKS = YES;
				GCC_OPTIMIZATION_LEVEL = 0;
				GCC_PREPROCESSOR_DEFINITIONS = (
					"DEBUG=1",
					"$(inherited)",
				);
				GCC_WARN_64_TO_32_BIT_CONVERSION = YES;
				GCC_WARN_ABOUT_RETURN_TYPE = YES_ERROR;
				GCC_WARN_UNDECLARED_SELECTOR = YES;
				GCC_WARN_UNINITIALIZED_AUTOS = YES_AGGRESSIVE;
				GCC_WARN_UNUSED_FUNCTION = YES;
				GCC_WARN_UNUSED_VARIABLE = YES;
				IPHONEOS_DEPLOYMENT_TARGET = 16.2;
				MTL_ENABLE_DEBUG_INFO = INCLUDE_SOURCE;
				MTL_FAST_MATH = YES;
				ONLY_ACTIVE_ARCH = YES;
				SDKROOT = iphoneos;
				SWIFT_ACTIVE_COMPILATION_CONDITIONS = DEBUG;
				SWIFT_OPTIMIZATION_LEVEL = "-Onone";
			};
			name = Debug;
		};
		A511A04D298A6E38008B83CF /* Release */ = {
			isa = XCBuildConfiguration;
			buildSettings = {
				ALWAYS_SEARCH_USER_PATHS = NO;
				CLANG_ANALYZER_NONNULL = YES;
				CLANG_ANALYZER_NUMBER_OBJECT_CONVERSION = YES_AGGRESSIVE;
				CLANG_CXX_LANGUAGE_STANDARD = "gnu++20";
				CLANG_ENABLE_MODULES = YES;
				CLANG_ENABLE_OBJC_ARC = YES;
				CLANG_ENABLE_OBJC_WEAK = YES;
				CLANG_WARN_BLOCK_CAPTURE_AUTORELEASING = YES;
				CLANG_WARN_BOOL_CONVERSION = YES;
				CLANG_WARN_COMMA = YES;
				CLANG_WARN_CONSTANT_CONVERSION = YES;
				CLANG_WARN_DEPRECATED_OBJC_IMPLEMENTATIONS = YES;
				CLANG_WARN_DIRECT_OBJC_ISA_USAGE = YES_ERROR;
				CLANG_WARN_DOCUMENTATION_COMMENTS = YES;
				CLANG_WARN_EMPTY_BODY = YES;
				CLANG_WARN_ENUM_CONVERSION = YES;
				CLANG_WARN_INFINITE_RECURSION = YES;
				CLANG_WARN_INT_CONVERSION = YES;
				CLANG_WARN_NON_LITERAL_NULL_CONVERSION = YES;
				CLANG_WARN_OBJC_IMPLICIT_RETAIN_SELF = YES;
				CLANG_WARN_OBJC_LITERAL_CONVERSION = YES;
				CLANG_WARN_OBJC_ROOT_CLASS = YES_ERROR;
				CLANG_WARN_QUOTED_INCLUDE_IN_FRAMEWORK_HEADER = YES;
				CLANG_WARN_RANGE_LOOP_ANALYSIS = YES;
				CLANG_WARN_STRICT_PROTOTYPES = YES;
				CLANG_WARN_SUSPICIOUS_MOVE = YES;
				CLANG_WARN_UNGUARDED_AVAILABILITY = YES_AGGRESSIVE;
				CLANG_WARN_UNREACHABLE_CODE = YES;
				CLANG_WARN__DUPLICATE_METHOD_MATCH = YES;
				COPY_PHASE_STRIP = NO;
				DEBUG_INFORMATION_FORMAT = "dwarf-with-dsym";
				ENABLE_NS_ASSERTIONS = NO;
				ENABLE_STRICT_OBJC_MSGSEND = YES;
				GCC_C_LANGUAGE_STANDARD = gnu11;
				GCC_NO_COMMON_BLOCKS = YES;
				GCC_WARN_64_TO_32_BIT_CONVERSION = YES;
				GCC_WARN_ABOUT_RETURN_TYPE = YES_ERROR;
				GCC_WARN_UNDECLARED_SELECTOR = YES;
				GCC_WARN_UNINITIALIZED_AUTOS = YES_AGGRESSIVE;
				GCC_WARN_UNUSED_FUNCTION = YES;
				GCC_WARN_UNUSED_VARIABLE = YES;
				IPHONEOS_DEPLOYMENT_TARGET = 16.2;
				MTL_ENABLE_DEBUG_INFO = NO;
				MTL_FAST_MATH = YES;
				SDKROOT = iphoneos;
				SWIFT_COMPILATION_MODE = wholemodule;
				SWIFT_OPTIMIZATION_LEVEL = "-O";
				VALIDATE_PRODUCT = YES;
			};
			name = Release;
		};
		A511A04F298A6E38008B83CF /* Debug */ = {
			isa = XCBuildConfiguration;
			buildSettings = {
				ASSETCATALOG_COMPILER_APPICON_NAME = AppIcon;
				ASSETCATALOG_COMPILER_GLOBAL_ACCENT_COLOR_NAME = AccentColor;
				CODE_SIGN_STYLE = Automatic;
				CURRENT_PROJECT_VERSION = 1;
				DEVELOPMENT_TEAM = TWQL7PLAUC;
				GENERATE_INFOPLIST_FILE = YES;
				INFOPLIST_FILE = Destini/Info.plist;
				INFOPLIST_KEY_UIApplicationSupportsIndirectInputEvents = YES;
				INFOPLIST_KEY_UILaunchStoryboardName = LaunchScreen;
				INFOPLIST_KEY_UIMainStoryboardFile = Main;
				INFOPLIST_KEY_UISupportedInterfaceOrientations_iPad = "UIInterfaceOrientationPortrait UIInterfaceOrientationPortraitUpsideDown UIInterfaceOrientationLandscapeLeft UIInterfaceOrientationLandscapeRight";
				INFOPLIST_KEY_UISupportedInterfaceOrientations_iPhone = "UIInterfaceOrientationPortrait UIInterfaceOrientationLandscapeLeft UIInterfaceOrientationLandscapeRight";
				LD_RUNPATH_SEARCH_PATHS = (
					"$(inherited)",
					"@executable_path/Frameworks",
				);
				MARKETING_VERSION = 1.0;
				PRODUCT_BUNDLE_IDENTIFIER = "zvontsov-adadigital.ru.Destini";
				PRODUCT_NAME = "$(TARGET_NAME)";
				SWIFT_EMIT_LOC_STRINGS = YES;
				SWIFT_VERSION = 5.0;
				TARGETED_DEVICE_FAMILY = "1,2";
			};
			name = Debug;
		};
		A511A050298A6E38008B83CF /* Release */ = {
			isa = XCBuildConfiguration;
			buildSettings = {
				ASSETCATALOG_COMPILER_APPICON_NAME = AppIcon;
				ASSETCATALOG_COMPILER_GLOBAL_ACCENT_COLOR_NAME = AccentColor;
				CODE_SIGN_STYLE = Automatic;
				CURRENT_PROJECT_VERSION = 1;
				DEVELOPMENT_TEAM = TWQL7PLAUC;
				GENERATE_INFOPLIST_FILE = YES;
				INFOPLIST_FILE = Destini/Info.plist;
				INFOPLIST_KEY_UIApplicationSupportsIndirectInputEvents = YES;
				INFOPLIST_KEY_UILaunchStoryboardName = LaunchScreen;
				INFOPLIST_KEY_UIMainStoryboardFile = Main;
				INFOPLIST_KEY_UISupportedInterfaceOrientations_iPad = "UIInterfaceOrientationPortrait UIInterfaceOrientationPortraitUpsideDown UIInterfaceOrientationLandscapeLeft UIInterfaceOrientationLandscapeRight";
				INFOPLIST_KEY_UISupportedInterfaceOrientations_iPhone = "UIInterfaceOrientationPortrait UIInterfaceOrientationLandscapeLeft UIInterfaceOrientationLandscapeRight";
				LD_RUNPATH_SEARCH_PATHS = (
					"$(inherited)",
					"@executable_path/Frameworks",
				);
				MARKETING_VERSION = 1.0;
				PRODUCT_BUNDLE_IDENTIFIER = "zvontsov-adadigital.ru.Destini";
				PRODUCT_NAME = "$(TARGET_NAME)";
				SWIFT_EMIT_LOC_STRINGS = YES;
				SWIFT_VERSION = 5.0;
				TARGETED_DEVICE_FAMILY = "1,2";
			};
			name = Release;
		};
		A511A052298A6E38008B83CF /* Debug */ = {
			isa = XCBuildConfiguration;
			buildSettings = {
				ALWAYS_EMBED_SWIFT_STANDARD_LIBRARIES = YES;
				BUNDLE_LOADER = "$(TEST_HOST)";
				CODE_SIGN_STYLE = Automatic;
				CURRENT_PROJECT_VERSION = 1;
				DEVELOPMENT_TEAM = TWQL7PLAUC;
				GENERATE_INFOPLIST_FILE = YES;
				IPHONEOS_DEPLOYMENT_TARGET = 16.2;
				MARKETING_VERSION = 1.0;
				PRODUCT_BUNDLE_IDENTIFIER = "zvontsov-adadigital.ru.DestiniTests";
				PRODUCT_NAME = "$(TARGET_NAME)";
				SWIFT_EMIT_LOC_STRINGS = NO;
				SWIFT_VERSION = 5.0;
				TARGETED_DEVICE_FAMILY = "1,2";
				TEST_HOST = "$(BUILT_PRODUCTS_DIR)/Destini.app/$(BUNDLE_EXECUTABLE_FOLDER_PATH)/Destini";
			};
			name = Debug;
		};
		A511A053298A6E38008B83CF /* Release */ = {
			isa = XCBuildConfiguration;
			buildSettings = {
				ALWAYS_EMBED_SWIFT_STANDARD_LIBRARIES = YES;
				BUNDLE_LOADER = "$(TEST_HOST)";
				CODE_SIGN_STYLE = Automatic;
				CURRENT_PROJECT_VERSION = 1;
				DEVELOPMENT_TEAM = TWQL7PLAUC;
				GENERATE_INFOPLIST_FILE = YES;
				IPHONEOS_DEPLOYMENT_TARGET = 16.2;
				MARKETING_VERSION = 1.0;
				PRODUCT_BUNDLE_IDENTIFIER = "zvontsov-adadigital.ru.DestiniTests";
				PRODUCT_NAME = "$(TARGET_NAME)";
				SWIFT_EMIT_LOC_STRINGS = NO;
				SWIFT_VERSION = 5.0;
				TARGETED_DEVICE_FAMILY = "1,2";
				TEST_HOST = "$(BUILT_PRODUCTS_DIR)/Destini.app/$(BUNDLE_EXECUTABLE_FOLDER_PATH)/Destini";
			};
			name = Release;
		};
		A511A055298A6E38008B83CF /* Debug */ = {
			isa = XCBuildConfiguration;
			buildSettings = {
				ALWAYS_EMBED_SWIFT_STANDARD_LIBRARIES = YES;
				CODE_SIGN_STYLE = Automatic;
				CURRENT_PROJECT_VERSION = 1;
				DEVELOPMENT_TEAM = TWQL7PLAUC;
				GENERATE_INFOPLIST_FILE = YES;
				MARKETING_VERSION = 1.0;
				PRODUCT_BUNDLE_IDENTIFIER = "zvontsov-adadigital.ru.DestiniUITests";
				PRODUCT_NAME = "$(TARGET_NAME)";
				SWIFT_EMIT_LOC_STRINGS = NO;
				SWIFT_VERSION = 5.0;
				TARGETED_DEVICE_FAMILY = "1,2";
				TEST_TARGET_NAME = Destini;
			};
			name = Debug;
		};
		A511A056298A6E38008B83CF /* Release */ = {
			isa = XCBuildConfiguration;
			buildSettings = {
				ALWAYS_EMBED_SWIFT_STANDARD_LIBRARIES = YES;
				CODE_SIGN_STYLE = Automatic;
				CURRENT_PROJECT_VERSION = 1;
				DEVELOPMENT_TEAM = TWQL7PLAUC;
				GENERATE_INFOPLIST_FILE = YES;
				MARKETING_VERSION = 1.0;
				PRODUCT_BUNDLE_IDENTIFIER = "zvontsov-adadigital.ru.DestiniUITests";
				PRODUCT_NAME = "$(TARGET_NAME)";
				SWIFT_EMIT_LOC_STRINGS = NO;
				SWIFT_VERSION = 5.0;
				TARGETED_DEVICE_FAMILY = "1,2";
				TEST_TARGET_NAME = Destini;
			};
			name = Release;
		};
/* End XCBuildConfiguration section */

/* Begin XCConfigurationList section */
		A511A01F298A6E37008B83CF /* Build configuration list for PBXProject "Destini" */ = {
			isa = XCConfigurationList;
			buildConfigurations = (
				A511A04C298A6E38008B83CF /* Debug */,
				A511A04D298A6E38008B83CF /* Release */,
			);
			defaultConfigurationIsVisible = 0;
			defaultConfigurationName = Release;
		};
		A511A04E298A6E38008B83CF /* Build configuration list for PBXNativeTarget "Destini" */ = {
			isa = XCConfigurationList;
			buildConfigurations = (
				A511A04F298A6E38008B83CF /* Debug */,
				A511A050298A6E38008B83CF /* Release */,
			);
			defaultConfigurationIsVisible = 0;
			defaultConfigurationName = Release;
		};
		A511A051298A6E38008B83CF /* Build configuration list for PBXNativeTarget "DestiniTests" */ = {
			isa = XCConfigurationList;
			buildConfigurations = (
				A511A052298A6E38008B83CF /* Debug */,
				A511A053298A6E38008B83CF /* Release */,
			);
			defaultConfigurationIsVisible = 0;
			defaultConfigurationName = Release;
		};
		A511A054298A6E38008B83CF /* Build configuration list for PBXNativeTarget "DestiniUITests" */ = {
			isa = XCConfigurationList;
			buildConfigurations = (
				A511A055298A6E38008B83CF /* Debug */,
				A511A056298A6E38008B83CF /* Release */,
			);
			defaultConfigurationIsVisible = 0;
			defaultConfigurationName = Release;
		};
/* End XCConfigurationList section */
	};
	rootObject = A511A01C298A6E37008B83CF /* Project object */;
}
